
Microsoft Visual Studio Solution File, Format Version 12.00
# Visual Studio Version 17
VisualStudioVersion = 17.13.35931.197 d17.13
MinimumVisualStudioVersion = 10.0.40219.1
Project("{FAE04EC0-301F-11D3-BF4B-00C04F79EFBC}") = "ot-simple-display-configurator", "ot-simple-display-configurator\ot-simple-display-configurator.csproj", "{DA79DFE2-62EE-49EB-BB2D-9D86461BE574}"
EndProject
Global
	GlobalSection(SolutionConfigurationPlatforms) = preSolution
		Debug|Any CPU = Debug|Any CPU
		Release|Any CPU = Release|Any CPU
	EndGlobalSection
	GlobalSection(ProjectConfigurationPlatforms) = postSolution
		{DA79DFE2-62EE-49EB-BB2D-9D86461BE574}.Debug|Any CPU.ActiveCfg = Debug|Any CPU
		{DA79DFE2-62EE-49EB-BB2D-9D86461BE574}.Debug|Any CPU.Build.0 = Debug|Any CPU
		{DA79DFE2-62EE-49EB-BB2D-9D86461BE574}.Release|Any CPU.ActiveCfg = Release|Any CPU
		{DA79DFE2-62EE-49EB-BB2D-9D86461BE574}.Release|Any CPU.Build.0 = Release|Any CPU
	EndGlobalSection
	GlobalSection(SolutionProperties) = preSolution
		HideSolutionNode = FALSE
	EndGlobalSection
	GlobalSection(ExtensibilityGlobals) = postSolution
		SolutionGuid = {60C74461-10A4-4B3A-B921-5B0CFA04A0F3}
	EndGlobalSection
EndGlobal
